
Microsoft Visual Studio Solution File, Format Version 12.00
# Visual Studio Version 16
VisualStudioVersion = 16.0.30503.244
MinimumVisualStudioVersion = 10.0.40219.1
Project("{9A19103F-16F7-4668-BE54-9A1E7A4F7556}") = "Vehicles.API", "Vehicles.API\Vehicles.API.csproj", "{7819F863-9E30-433F-A2F0-B03B676401DF}"
EndProject
Project("{FAE04EC0-301F-11D3-BF4B-00C04F79EFBC}") = "Vehicles.Common", "Vehicles.Common\Vehicles.Common.csproj", "{90C5A6FB-C2FD-4659-973E-008F1496C1E0}"
EndProject
Global
	GlobalSection(SolutionConfigurationPlatforms) = preSolution
		Debug|Any CPU = Debug|Any CPU
		Release|Any CPU = Release|Any CPU
	EndGlobalSection
	GlobalSection(ProjectConfigurationPlatforms) = postSolution
		{7819F863-9E30-433F-A2F0-B03B676401DF}.Debug|Any CPU.ActiveCfg = Debug|Any CPU
		{7819F863-9E30-433F-A2F0-B03B676401DF}.Debug|Any CPU.Build.0 = Debug|Any CPU
		{7819F863-9E30-433F-A2F0-B03B676401DF}.Release|Any CPU.ActiveCfg = Release|Any CPU
		{7819F863-9E30-433F-A2F0-B03B676401DF}.Release|Any CPU.Build.0 = Release|Any CPU
		{90C5A6FB-C2FD-4659-973E-008F1496C1E0}.Debug|Any CPU.ActiveCfg = Debug|Any CPU
		{90C5A6FB-C2FD-4659-973E-008F1496C1E0}.Debug|Any CPU.Build.0 = Debug|Any CPU
		{90C5A6FB-C2FD-4659-973E-008F1496C1E0}.Release|Any CPU.ActiveCfg = Release|Any CPU
		{90C5A6FB-C2FD-4659-973E-008F1496C1E0}.Release|Any CPU.Build.0 = Release|Any CPU
	EndGlobalSection
	GlobalSection(SolutionProperties) = preSolution
		HideSolutionNode = FALSE
	EndGlobalSection
	GlobalSection(ExtensibilityGlobals) = postSolution
		SolutionGuid = {FBA46D7D-F36C-40C4-AF96-5328F2FCCC58}
	EndGlobalSection
EndGlobal
